// !$*UTF8*$!
{
	archiveVersion = 1;
	classes = {
	};
	objectVersion = 56;
	objects = {

/* Begin PBXBuildFile section */
		2F1361EE29CD968600C34B79 /* RGFavorite in Frameworks */ = {isa = PBXBuildFile; productRef = 2F1361ED29CD968600C34B79 /* RGFavorite */; };
		2F1361F229CD99D000C34B79 /* RGHome in Frameworks */ = {isa = PBXBuildFile; productRef = 2F1361F129CD99D000C34B79 /* RGHome */; };
		2F19A89F29C8222300CFC0EA /* gamingsimplecleanApp.swift in Sources */ = {isa = PBXBuildFile; fileRef = 2F19A89E29C8222300CFC0EA /* gamingsimplecleanApp.swift */; };
		2F19A8A129C8222300CFC0EA /* ContentView.swift in Sources */ = {isa = PBXBuildFile; fileRef = 2F19A8A029C8222300CFC0EA /* ContentView.swift */; };
		2F19A8A329C8222500CFC0EA /* Assets.xcassets in Resources */ = {isa = PBXBuildFile; fileRef = 2F19A8A229C8222500CFC0EA /* Assets.xcassets */; };
		2F19A8A629C8222500CFC0EA /* Preview Assets.xcassets in Resources */ = {isa = PBXBuildFile; fileRef = 2F19A8A529C8222500CFC0EA /* Preview Assets.xcassets */; };
		2F19A8B029C8222500CFC0EA /* gamingsimplecleanTests.swift in Sources */ = {isa = PBXBuildFile; fileRef = 2F19A8AF29C8222500CFC0EA /* gamingsimplecleanTests.swift */; };
		2F19A8BA29C8222500CFC0EA /* gamingsimplecleanUITests.swift in Sources */ = {isa = PBXBuildFile; fileRef = 2F19A8B929C8222500CFC0EA /* gamingsimplecleanUITests.swift */; };
		2F19A8BC29C8222500CFC0EA /* gamingsimplecleanUITestsLaunchTests.swift in Sources */ = {isa = PBXBuildFile; fileRef = 2F19A8BB29C8222500CFC0EA /* gamingsimplecleanUITestsLaunchTests.swift */; };
		2F19A90729C8254600CFC0EA /* Alamofire in Frameworks */ = {isa = PBXBuildFile; productRef = 2F19A90629C8254600CFC0EA /* Alamofire */; };
		2F19A90A29C8259A00CFC0EA /* Realm in Frameworks */ = {isa = PBXBuildFile; productRef = 2F19A90929C8259A00CFC0EA /* Realm */; };
		2F19A90C29C8259A00CFC0EA /* RealmSwift in Frameworks */ = {isa = PBXBuildFile; productRef = 2F19A90B29C8259A00CFC0EA /* RealmSwift */; };
		2F19A90F29C825A900CFC0EA /* CachedAsyncImage in Frameworks */ = {isa = PBXBuildFile; productRef = 2F19A90E29C825A900CFC0EA /* CachedAsyncImage */; };
		2F50A0BE29CD81DB00E67F95 /* RGCore in Frameworks */ = {isa = PBXBuildFile; productRef = 2F50A0BD29CD81DB00E67F95 /* RGCore */; };
		2F76BE4829D00E76008CF4D6 /* AppInjection.swift in Sources */ = {isa = PBXBuildFile; fileRef = 2F76BE4729D00E76008CF4D6 /* AppInjection.swift */; };
		2F76BE4A29D0163A008CF4D6 /* RGCore in Frameworks */ = {isa = PBXBuildFile; productRef = 2F76BE4929D0163A008CF4D6 /* RGCore */; };
		2F76BE5529D018D7008CF4D6 /* Mocker in Frameworks */ = {isa = PBXBuildFile; productRef = 2F76BE5429D018D7008CF4D6 /* Mocker */; };
		2F76BE5C29D01D23008CF4D6 /* games.json in Resources */ = {isa = PBXBuildFile; fileRef = 2F76BE5B29D01D23008CF4D6 /* games.json */; };
		2FC28DD229CD8C9000A67E2E /* RGAbout in Frameworks */ = {isa = PBXBuildFile; productRef = 2FC28DD129CD8C9000A67E2E /* RGAbout */; };
		2FC28DD529CD941C00A67E2E /* RGDetail in Frameworks */ = {isa = PBXBuildFile; productRef = 2FC28DD429CD941C00A67E2E /* RGDetail */; };
/* End PBXBuildFile section */

/* Begin PBXContainerItemProxy section */
		2F19A8AC29C8222500CFC0EA /* PBXContainerItemProxy */ = {
			isa = PBXContainerItemProxy;
			containerPortal = 2F19A89329C8222300CFC0EA /* Project object */;
			proxyType = 1;
			remoteGlobalIDString = 2F19A89A29C8222300CFC0EA;
			remoteInfo = gamingsimpleclean;
		};
		2F19A8B629C8222500CFC0EA /* PBXContainerItemProxy */ = {
			isa = PBXContainerItemProxy;
			containerPortal = 2F19A89329C8222300CFC0EA /* Project object */;
			proxyType = 1;
			remoteGlobalIDString = 2F19A89A29C8222300CFC0EA;
			remoteInfo = gamingsimpleclean;
		};
/* End PBXContainerItemProxy section */

/* Begin PBXFileReference section */
		2F1361EF29CD979E00C34B79 /* RGGameRow */ = {isa = PBXFileReference; lastKnownFileType = wrapper; name = RGGameRow; path = modules/RGGameRow; sourceTree = "<group>"; };
		2F1361F029CD99C300C34B79 /* RGHome */ = {isa = PBXFileReference; lastKnownFileType = wrapper; name = RGHome; path = modules/RGHome; sourceTree = "<group>"; };
		2F19A89B29C8222300CFC0EA /* gamingsimpleclean.app */ = {isa = PBXFileReference; explicitFileType = wrapper.application; includeInIndex = 0; path = gamingsimpleclean.app; sourceTree = BUILT_PRODUCTS_DIR; };
		2F19A89E29C8222300CFC0EA /* gamingsimplecleanApp.swift */ = {isa = PBXFileReference; lastKnownFileType = sourcecode.swift; path = gamingsimplecleanApp.swift; sourceTree = "<group>"; };
		2F19A8A029C8222300CFC0EA /* ContentView.swift */ = {isa = PBXFileReference; lastKnownFileType = sourcecode.swift; path = ContentView.swift; sourceTree = "<group>"; };
		2F19A8A229C8222500CFC0EA /* Assets.xcassets */ = {isa = PBXFileReference; lastKnownFileType = folder.assetcatalog; path = Assets.xcassets; sourceTree = "<group>"; };
		2F19A8A529C8222500CFC0EA /* Preview Assets.xcassets */ = {isa = PBXFileReference; lastKnownFileType = folder.assetcatalog; path = "Preview Assets.xcassets"; sourceTree = "<group>"; };
		2F19A8AB29C8222500CFC0EA /* gamingsimplecleanTests.xctest */ = {isa = PBXFileReference; explicitFileType = wrapper.cfbundle; includeInIndex = 0; path = gamingsimplecleanTests.xctest; sourceTree = BUILT_PRODUCTS_DIR; };
		2F19A8AF29C8222500CFC0EA /* gamingsimplecleanTests.swift */ = {isa = PBXFileReference; lastKnownFileType = sourcecode.swift; path = gamingsimplecleanTests.swift; sourceTree = "<group>"; };
		2F19A8B529C8222500CFC0EA /* gamingsimplecleanUITests.xctest */ = {isa = PBXFileReference; explicitFileType = wrapper.cfbundle; includeInIndex = 0; path = gamingsimplecleanUITests.xctest; sourceTree = BUILT_PRODUCTS_DIR; };
		2F19A8B929C8222500CFC0EA /* gamingsimplecleanUITests.swift */ = {isa = PBXFileReference; lastKnownFileType = sourcecode.swift; path = gamingsimplecleanUITests.swift; sourceTree = "<group>"; };
		2F19A8BB29C8222500CFC0EA /* gamingsimplecleanUITestsLaunchTests.swift */ = {isa = PBXFileReference; lastKnownFileType = sourcecode.swift; path = gamingsimplecleanUITestsLaunchTests.swift; sourceTree = "<group>"; };
		2F210E4E29CD8082004E0428 /* RGCore */ = {isa = PBXFileReference; lastKnownFileType = wrapper; name = RGCore; path = modules/RGCore; sourceTree = "<group>"; };
		2F50A0BF29CD8B5600E67F95 /* RGAbout */ = {isa = PBXFileReference; lastKnownFileType = wrapper; name = RGAbout; path = modules/RGAbout; sourceTree = "<group>"; };
		2F76BE4729D00E76008CF4D6 /* AppInjection.swift */ = {isa = PBXFileReference; lastKnownFileType = sourcecode.swift; path = AppInjection.swift; sourceTree = "<group>"; };
		2F76BE5629D01C27008CF4D6 /* XCTest.framework */ = {isa = PBXFileReference; lastKnownFileType = wrapper.framework; name = XCTest.framework; path = Platforms/iPhoneOS.platform/Developer/Library/Frameworks/XCTest.framework; sourceTree = DEVELOPER_DIR; };
		2F76BE5B29D01D23008CF4D6 /* games.json */ = {isa = PBXFileReference; fileEncoding = 4; lastKnownFileType = text.json; path = games.json; sourceTree = "<group>"; };
		2FC28DD329CD931C00A67E2E /* RGDetail */ = {isa = PBXFileReference; lastKnownFileType = wrapper; name = RGDetail; path = modules/RGDetail; sourceTree = "<group>"; };
		2FC28DD629CD962D00A67E2E /* RGFavorite */ = {isa = PBXFileReference; lastKnownFileType = wrapper; name = RGFavorite; path = modules/RGFavorite; sourceTree = "<group>"; };
/* End PBXFileReference section */

/* Begin PBXFrameworksBuildPhase section */
		2F19A89829C8222300CFC0EA /* Frameworks */ = {
			isa = PBXFrameworksBuildPhase;
			buildActionMask = 2147483647;
			files = (
				2F50A0BE29CD81DB00E67F95 /* RGCore in Frameworks */,
				2F19A90C29C8259A00CFC0EA /* RealmSwift in Frameworks */,
				2F19A90F29C825A900CFC0EA /* CachedAsyncImage in Frameworks */,
				2F1361EE29CD968600C34B79 /* RGFavorite in Frameworks */,
				2FC28DD529CD941C00A67E2E /* RGDetail in Frameworks */,
				2FC28DD229CD8C9000A67E2E /* RGAbout in Frameworks */,
				2F19A90A29C8259A00CFC0EA /* Realm in Frameworks */,
				2F1361F229CD99D000C34B79 /* RGHome in Frameworks */,
				2F19A90729C8254600CFC0EA /* Alamofire in Frameworks */,
			);
			runOnlyForDeploymentPostprocessing = 0;
		};
		2F19A8A829C8222500CFC0EA /* Frameworks */ = {
			isa = PBXFrameworksBuildPhase;
			buildActionMask = 2147483647;
			files = (
				2F76BE4A29D0163A008CF4D6 /* RGCore in Frameworks */,
				2F76BE5529D018D7008CF4D6 /* Mocker in Frameworks */,
			);
			runOnlyForDeploymentPostprocessing = 0;
		};
		2F19A8B229C8222500CFC0EA /* Frameworks */ = {
			isa = PBXFrameworksBuildPhase;
			buildActionMask = 2147483647;
			files = (
			);
			runOnlyForDeploymentPostprocessing = 0;
		};
/* End PBXFrameworksBuildPhase section */

/* Begin PBXGroup section */
		2F19A89229C8222300CFC0EA = {
			isa = PBXGroup;
			children = (
				2F210E4D29CD8082004E0428 /* Packages */,
				2F19A89D29C8222300CFC0EA /* gamingsimpleclean */,
				2F19A8AE29C8222500CFC0EA /* gamingsimplecleanTests */,
				2F19A8B829C8222500CFC0EA /* gamingsimplecleanUITests */,
				2F19A89C29C8222300CFC0EA /* Products */,
				2F50A0BC29CD81DB00E67F95 /* Frameworks */,
			);
			sourceTree = "<group>";
		};
		2F19A89C29C8222300CFC0EA /* Products */ = {
			isa = PBXGroup;
			children = (
				2F19A89B29C8222300CFC0EA /* gamingsimpleclean.app */,
				2F19A8AB29C8222500CFC0EA /* gamingsimplecleanTests.xctest */,
				2F19A8B529C8222500CFC0EA /* gamingsimplecleanUITests.xctest */,
			);
			name = Products;
			sourceTree = "<group>";
		};
		2F19A89D29C8222300CFC0EA /* gamingsimpleclean */ = {
			isa = PBXGroup;
			children = (
				2F76BE4629D00E6C008CF4D6 /* DI */,
				2F19A90429C8249100CFC0EA /* App */,
				2F19A8A229C8222500CFC0EA /* Assets.xcassets */,
				2F19A8A429C8222500CFC0EA /* Preview Content */,
			);
			path = gamingsimpleclean;
			sourceTree = "<group>";
		};
		2F19A8A429C8222500CFC0EA /* Preview Content */ = {
			isa = PBXGroup;
			children = (
				2F19A8A529C8222500CFC0EA /* Preview Assets.xcassets */,
			);
			path = "Preview Content";
			sourceTree = "<group>";
		};
		2F19A8AE29C8222500CFC0EA /* gamingsimplecleanTests */ = {
			isa = PBXGroup;
			children = (
				2F76BE4C29D01801008CF4D6 /* Data */,
				2F19A8AF29C8222500CFC0EA /* gamingsimplecleanTests.swift */,
			);
			path = gamingsimplecleanTests;
			sourceTree = "<group>";
		};
		2F19A8B829C8222500CFC0EA /* gamingsimplecleanUITests */ = {
			isa = PBXGroup;
			children = (
				2F19A8B929C8222500CFC0EA /* gamingsimplecleanUITests.swift */,
				2F19A8BB29C8222500CFC0EA /* gamingsimplecleanUITestsLaunchTests.swift */,
			);
			path = gamingsimplecleanUITests;
			sourceTree = "<group>";
		};
		2F19A90429C8249100CFC0EA /* App */ = {
			isa = PBXGroup;
			children = (
				2F19A89E29C8222300CFC0EA /* gamingsimplecleanApp.swift */,
				2F19A8A029C8222300CFC0EA /* ContentView.swift */,
			);
			path = App;
			sourceTree = "<group>";
		};
		2F210E4D29CD8082004E0428 /* Packages */ = {
			isa = PBXGroup;
			children = (
				2F210E4E29CD8082004E0428 /* RGCore */,
				2F50A0BF29CD8B5600E67F95 /* RGAbout */,
				2FC28DD329CD931C00A67E2E /* RGDetail */,
				2FC28DD629CD962D00A67E2E /* RGFavorite */,
				2F1361EF29CD979E00C34B79 /* RGGameRow */,
				2F1361F029CD99C300C34B79 /* RGHome */,
			);
			name = Packages;
			sourceTree = "<group>";
		};
		2F50A0BC29CD81DB00E67F95 /* Frameworks */ = {
			isa = PBXGroup;
			children = (
				2F76BE5629D01C27008CF4D6 /* XCTest.framework */,
			);
			name = Frameworks;
			sourceTree = "<group>";
		};
		2F76BE4629D00E6C008CF4D6 /* DI */ = {
			isa = PBXGroup;
			children = (
				2F76BE4729D00E76008CF4D6 /* AppInjection.swift */,
			);
			path = DI;
			sourceTree = "<group>";
		};
		2F76BE4C29D01801008CF4D6 /* Data */ = {
			isa = PBXGroup;
			children = (
				2F76BE5B29D01D23008CF4D6 /* games.json */,
			);
			path = Data;
			sourceTree = "<group>";
		};
/* End PBXGroup section */

/* Begin PBXNativeTarget section */
		2F19A89A29C8222300CFC0EA /* gamingsimpleclean */ = {
			isa = PBXNativeTarget;
			buildConfigurationList = 2F19A8BF29C8222500CFC0EA /* Build configuration list for PBXNativeTarget "gamingsimpleclean" */;
			buildPhases = (
				2F19A89729C8222300CFC0EA /* Sources */,
				2F19A89829C8222300CFC0EA /* Frameworks */,
				2F19A89929C8222300CFC0EA /* Resources */,
			);
			buildRules = (
			);
			dependencies = (
			);
			name = gamingsimpleclean;
			packageProductDependencies = (
				2F19A90629C8254600CFC0EA /* Alamofire */,
				2F19A90929C8259A00CFC0EA /* Realm */,
				2F19A90B29C8259A00CFC0EA /* RealmSwift */,
				2F19A90E29C825A900CFC0EA /* CachedAsyncImage */,
				2F50A0BD29CD81DB00E67F95 /* RGCore */,
				2FC28DD129CD8C9000A67E2E /* RGAbout */,
				2FC28DD429CD941C00A67E2E /* RGDetail */,
				2F1361ED29CD968600C34B79 /* RGFavorite */,
				2F1361F129CD99D000C34B79 /* RGHome */,
			);
			productName = gamingsimpleclean;
			productReference = 2F19A89B29C8222300CFC0EA /* gamingsimpleclean.app */;
			productType = "com.apple.product-type.application";
		};
		2F19A8AA29C8222500CFC0EA /* gamingsimplecleanTests */ = {
			isa = PBXNativeTarget;
			buildConfigurationList = 2F19A8C229C8222500CFC0EA /* Build configuration list for PBXNativeTarget "gamingsimplecleanTests" */;
			buildPhases = (
				2F19A8A729C8222500CFC0EA /* Sources */,
				2F19A8A829C8222500CFC0EA /* Frameworks */,
				2F19A8A929C8222500CFC0EA /* Resources */,
			);
			buildRules = (
			);
			dependencies = (
				2F19A8AD29C8222500CFC0EA /* PBXTargetDependency */,
			);
			name = gamingsimplecleanTests;
			packageProductDependencies = (
				2F76BE4929D0163A008CF4D6 /* RGCore */,
				2F76BE5429D018D7008CF4D6 /* Mocker */,
			);
			productName = gamingsimplecleanTests;
			productReference = 2F19A8AB29C8222500CFC0EA /* gamingsimplecleanTests.xctest */;
			productType = "com.apple.product-type.bundle.unit-test";
		};
		2F19A8B429C8222500CFC0EA /* gamingsimplecleanUITests */ = {
			isa = PBXNativeTarget;
			buildConfigurationList = 2F19A8C529C8222500CFC0EA /* Build configuration list for PBXNativeTarget "gamingsimplecleanUITests" */;
			buildPhases = (
				2F19A8B129C8222500CFC0EA /* Sources */,
				2F19A8B229C8222500CFC0EA /* Frameworks */,
				2F19A8B329C8222500CFC0EA /* Resources */,
			);
			buildRules = (
			);
			dependencies = (
				2F19A8B729C8222500CFC0EA /* PBXTargetDependency */,
			);
			name = gamingsimplecleanUITests;
			productName = gamingsimplecleanUITests;
			productReference = 2F19A8B529C8222500CFC0EA /* gamingsimplecleanUITests.xctest */;
			productType = "com.apple.product-type.bundle.ui-testing";
		};
/* End PBXNativeTarget section */

/* Begin PBXProject section */
		2F19A89329C8222300CFC0EA /* Project object */ = {
			isa = PBXProject;
			attributes = {
				BuildIndependentTargetsInParallel = 1;
				LastSwiftUpdateCheck = 1410;
				LastUpgradeCheck = 1410;
				TargetAttributes = {
					2F19A89A29C8222300CFC0EA = {
						CreatedOnToolsVersion = 14.1;
					};
					2F19A8AA29C8222500CFC0EA = {
						CreatedOnToolsVersion = 14.1;
						TestTargetID = 2F19A89A29C8222300CFC0EA;
					};
					2F19A8B429C8222500CFC0EA = {
						CreatedOnToolsVersion = 14.1;
						TestTargetID = 2F19A89A29C8222300CFC0EA;
					};
				};
			};
			buildConfigurationList = 2F19A89629C8222300CFC0EA /* Build configuration list for PBXProject "gamingsimpleclean" */;
			compatibilityVersion = "Xcode 14.0";
			developmentRegion = en;
			hasScannedForEncodings = 0;
			knownRegions = (
				en,
				Base,
			);
			mainGroup = 2F19A89229C8222300CFC0EA;
			packageReferences = (
				2F19A90529C8254600CFC0EA /* XCRemoteSwiftPackageReference "Alamofire" */,
				2F19A90829C8259A00CFC0EA /* XCRemoteSwiftPackageReference "realm-swift" */,
				2F19A90D29C825A900CFC0EA /* XCRemoteSwiftPackageReference "swiftui-cached-async-image" */,
				2F76BE5129D018A5008CF4D6 /* XCRemoteSwiftPackageReference "Mocker" */,
			);
			productRefGroup = 2F19A89C29C8222300CFC0EA /* Products */;
			projectDirPath = "";
			projectRoot = "";
			targets = (
				2F19A89A29C8222300CFC0EA /* gamingsimpleclean */,
				2F19A8AA29C8222500CFC0EA /* gamingsimplecleanTests */,
				2F19A8B429C8222500CFC0EA /* gamingsimplecleanUITests */,
			);
		};
/* End PBXProject section */

/* Begin PBXResourcesBuildPhase section */
		2F19A89929C8222300CFC0EA /* Resources */ = {
			isa = PBXResourcesBuildPhase;
			buildActionMask = 2147483647;
			files = (
				2F19A8A629C8222500CFC0EA /* Preview Assets.xcassets in Resources */,
				2F19A8A329C8222500CFC0EA /* Assets.xcassets in Resources */,
			);
			runOnlyForDeploymentPostprocessing = 0;
		};
		2F19A8A929C8222500CFC0EA /* Resources */ = {
			isa = PBXResourcesBuildPhase;
			buildActionMask = 2147483647;
			files = (
				2F76BE5C29D01D23008CF4D6 /* games.json in Resources */,
			);
			runOnlyForDeploymentPostprocessing = 0;
		};
		2F19A8B329C8222500CFC0EA /* Resources */ = {
			isa = PBXResourcesBuildPhase;
			buildActionMask = 2147483647;
			files = (
			);
			runOnlyForDeploymentPostprocessing = 0;
		};
/* End PBXResourcesBuildPhase section */

/* Begin PBXSourcesBuildPhase section */
		2F19A89729C8222300CFC0EA /* Sources */ = {
			isa = PBXSourcesBuildPhase;
			buildActionMask = 2147483647;
			files = (
				2F19A8A129C8222300CFC0EA /* ContentView.swift in Sources */,
				2F76BE4829D00E76008CF4D6 /* AppInjection.swift in Sources */,
				2F19A89F29C8222300CFC0EA /* gamingsimplecleanApp.swift in Sources */,
			);
			runOnlyForDeploymentPostprocessing = 0;
		};
		2F19A8A729C8222500CFC0EA /* Sources */ = {
			isa = PBXSourcesBuildPhase;
			buildActionMask = 2147483647;
			files = (
				2F19A8B029C8222500CFC0EA /* gamingsimplecleanTests.swift in Sources */,
			);
			runOnlyForDeploymentPostprocessing = 0;
		};
		2F19A8B129C8222500CFC0EA /* Sources */ = {
			isa = PBXSourcesBuildPhase;
			buildActionMask = 2147483647;
			files = (
				2F19A8BA29C8222500CFC0EA /* gamingsimplecleanUITests.swift in Sources */,
				2F19A8BC29C8222500CFC0EA /* gamingsimplecleanUITestsLaunchTests.swift in Sources */,
			);
			runOnlyForDeploymentPostprocessing = 0;
		};
/* End PBXSourcesBuildPhase section */

/* Begin PBXTargetDependency section */
		2F19A8AD29C8222500CFC0EA /* PBXTargetDependency */ = {
			isa = PBXTargetDependency;
			target = 2F19A89A29C8222300CFC0EA /* gamingsimpleclean */;
			targetProxy = 2F19A8AC29C8222500CFC0EA /* PBXContainerItemProxy */;
		};
		2F19A8B729C8222500CFC0EA /* PBXTargetDependency */ = {
			isa = PBXTargetDependency;
			target = 2F19A89A29C8222300CFC0EA /* gamingsimpleclean */;
			targetProxy = 2F19A8B629C8222500CFC0EA /* PBXContainerItemProxy */;
		};
/* End PBXTargetDependency section */

/* Begin XCBuildConfiguration section */
		2F19A8BD29C8222500CFC0EA /* Debug */ = {
			isa = XCBuildConfiguration;
			buildSettings = {
				ALWAYS_SEARCH_USER_PATHS = NO;
				CLANG_ANALYZER_NONNULL = YES;
				CLANG_ANALYZER_NUMBER_OBJECT_CONVERSION = YES_AGGRESSIVE;
				CLANG_CXX_LANGUAGE_STANDARD = "gnu++20";
				CLANG_ENABLE_MODULES = YES;
				CLANG_ENABLE_OBJC_ARC = YES;
				CLANG_ENABLE_OBJC_WEAK = YES;
				CLANG_WARN_BLOCK_CAPTURE_AUTORELEASING = YES;
				CLANG_WARN_BOOL_CONVERSION = YES;
				CLANG_WARN_COMMA = YES;
				CLANG_WARN_CONSTANT_CONVERSION = YES;
				CLANG_WARN_DEPRECATED_OBJC_IMPLEMENTATIONS = YES;
				CLANG_WARN_DIRECT_OBJC_ISA_USAGE = YES_ERROR;
				CLANG_WARN_DOCUMENTATION_COMMENTS = YES;
				CLANG_WARN_EMPTY_BODY = YES;
				CLANG_WARN_ENUM_CONVERSION = YES;
				CLANG_WARN_INFINITE_RECURSION = YES;
				CLANG_WARN_INT_CONVERSION = YES;
				CLANG_WARN_NON_LITERAL_NULL_CONVERSION = YES;
				CLANG_WARN_OBJC_IMPLICIT_RETAIN_SELF = YES;
				CLANG_WARN_OBJC_LITERAL_CONVERSION = YES;
				CLANG_WARN_OBJC_ROOT_CLASS = YES_ERROR;
				CLANG_WARN_QUOTED_INCLUDE_IN_FRAMEWORK_HEADER = YES;
				CLANG_WARN_RANGE_LOOP_ANALYSIS = YES;
				CLANG_WARN_STRICT_PROTOTYPES = YES;
				CLANG_WARN_SUSPICIOUS_MOVE = YES;
				CLANG_WARN_UNGUARDED_AVAILABILITY = YES_AGGRESSIVE;
				CLANG_WARN_UNREACHABLE_CODE = YES;
				CLANG_WARN__DUPLICATE_METHOD_MATCH = YES;
				COPY_PHASE_STRIP = NO;
				DEBUG_INFORMATION_FORMAT = dwarf;
				ENABLE_STRICT_OBJC_MSGSEND = YES;
				ENABLE_TESTABILITY = YES;
				GCC_C_LANGUAGE_STANDARD = gnu11;
				GCC_DYNAMIC_NO_PIC = NO;
				GCC_NO_COMMON_BLOCKS = YES;
				GCC_OPTIMIZATION_LEVEL = 0;
				GCC_PREPROCESSOR_DEFINITIONS = (
					"DEBUG=1",
					"$(inherited)",
				);
				GCC_WARN_64_TO_32_BIT_CONVERSION = YES;
				GCC_WARN_ABOUT_RETURN_TYPE = YES_ERROR;
				GCC_WARN_UNDECLARED_SELECTOR = YES;
				GCC_WARN_UNINITIALIZED_AUTOS = YES_AGGRESSIVE;
				GCC_WARN_UNUSED_FUNCTION = YES;
				GCC_WARN_UNUSED_VARIABLE = YES;
				IPHONEOS_DEPLOYMENT_TARGET = 16.1;
				MTL_ENABLE_DEBUG_INFO = INCLUDE_SOURCE;
				MTL_FAST_MATH = YES;
				ONLY_ACTIVE_ARCH = YES;
				SDKROOT = iphoneos;
				SWIFT_ACTIVE_COMPILATION_CONDITIONS = DEBUG;
				SWIFT_OPTIMIZATION_LEVEL = "-Onone";
			};
			name = Debug;
		};
		2F19A8BE29C8222500CFC0EA /* Release */ = {
			isa = XCBuildConfiguration;
			buildSettings = {
				ALWAYS_SEARCH_USER_PATHS = NO;
				CLANG_ANALYZER_NONNULL = YES;
				CLANG_ANALYZER_NUMBER_OBJECT_CONVERSION = YES_AGGRESSIVE;
				CLANG_CXX_LANGUAGE_STANDARD = "gnu++20";
				CLANG_ENABLE_MODULES = YES;
				CLANG_ENABLE_OBJC_ARC = YES;
				CLANG_ENABLE_OBJC_WEAK = YES;
				CLANG_WARN_BLOCK_CAPTURE_AUTORELEASING = YES;
				CLANG_WARN_BOOL_CONVERSION = YES;
				CLANG_WARN_COMMA = YES;
				CLANG_WARN_CONSTANT_CONVERSION = YES;
				CLANG_WARN_DEPRECATED_OBJC_IMPLEMENTATIONS = YES;
				CLANG_WARN_DIRECT_OBJC_ISA_USAGE = YES_ERROR;
				CLANG_WARN_DOCUMENTATION_COMMENTS = YES;
				CLANG_WARN_EMPTY_BODY = YES;
				CLANG_WARN_ENUM_CONVERSION = YES;
				CLANG_WARN_INFINITE_RECURSION = YES;
				CLANG_WARN_INT_CONVERSION = YES;
				CLANG_WARN_NON_LITERAL_NULL_CONVERSION = YES;
				CLANG_WARN_OBJC_IMPLICIT_RETAIN_SELF = YES;
				CLANG_WARN_OBJC_LITERAL_CONVERSION = YES;
				CLANG_WARN_OBJC_ROOT_CLASS = YES_ERROR;
				CLANG_WARN_QUOTED_INCLUDE_IN_FRAMEWORK_HEADER = YES;
				CLANG_WARN_RANGE_LOOP_ANALYSIS = YES;
				CLANG_WARN_STRICT_PROTOTYPES = YES;
				CLANG_WARN_SUSPICIOUS_MOVE = YES;
				CLANG_WARN_UNGUARDED_AVAILABILITY = YES_AGGRESSIVE;
				CLANG_WARN_UNREACHABLE_CODE = YES;
				CLANG_WARN__DUPLICATE_METHOD_MATCH = YES;
				COPY_PHASE_STRIP = NO;
				DEBUG_INFORMATION_FORMAT = "dwarf-with-dsym";
				ENABLE_NS_ASSERTIONS = NO;
				ENABLE_STRICT_OBJC_MSGSEND = YES;
				ENABLE_TESTABILITY = NO;
				GCC_C_LANGUAGE_STANDARD = gnu11;
				GCC_NO_COMMON_BLOCKS = YES;
				GCC_WARN_64_TO_32_BIT_CONVERSION = YES;
				GCC_WARN_ABOUT_RETURN_TYPE = YES_ERROR;
				GCC_WARN_UNDECLARED_SELECTOR = YES;
				GCC_WARN_UNINITIALIZED_AUTOS = YES_AGGRESSIVE;
				GCC_WARN_UNUSED_FUNCTION = YES;
				GCC_WARN_UNUSED_VARIABLE = YES;
				IPHONEOS_DEPLOYMENT_TARGET = 16.1;
				MTL_ENABLE_DEBUG_INFO = NO;
				MTL_FAST_MATH = YES;
				SDKROOT = iphoneos;
				SWIFT_COMPILATION_MODE = wholemodule;
				SWIFT_OPTIMIZATION_LEVEL = "-O";
				VALIDATE_PRODUCT = YES;
			};
			name = Release;
		};
		2F19A8C029C8222500CFC0EA /* Debug */ = {
			isa = XCBuildConfiguration;
			buildSettings = {
				ASSETCATALOG_COMPILER_APPICON_NAME = AppIcon;
				ASSETCATALOG_COMPILER_GLOBAL_ACCENT_COLOR_NAME = AccentColor;
				CODE_SIGN_STYLE = Automatic;
				CURRENT_PROJECT_VERSION = 1;
				DEVELOPMENT_ASSET_PATHS = "\"gamingsimpleclean/Preview Content\"";
				DEVELOPMENT_TEAM = 76PUZQ34QB;
				ENABLE_PREVIEWS = YES;
				GENERATE_INFOPLIST_FILE = YES;
				INFOPLIST_KEY_UIApplicationSceneManifest_Generation = YES;
				INFOPLIST_KEY_UIApplicationSupportsIndirectInputEvents = YES;
				INFOPLIST_KEY_UILaunchScreen_Generation = YES;
				INFOPLIST_KEY_UISupportedInterfaceOrientations_iPad = "UIInterfaceOrientationPortrait UIInterfaceOrientationPortraitUpsideDown UIInterfaceOrientationLandscapeLeft UIInterfaceOrientationLandscapeRight";
				INFOPLIST_KEY_UISupportedInterfaceOrientations_iPhone = "UIInterfaceOrientationPortrait UIInterfaceOrientationLandscapeLeft UIInterfaceOrientationLandscapeRight";
				LD_RUNPATH_SEARCH_PATHS = (
					"$(inherited)",
					"@executable_path/Frameworks",
				);
				MARKETING_VERSION = 1.0;
				PRODUCT_BUNDLE_IDENTIFIER = com.bi.learnquran.gamingsimpleclean;
				PRODUCT_NAME = "$(TARGET_NAME)";
				SWIFT_EMIT_LOC_STRINGS = YES;
				SWIFT_VERSION = 5.0;
				TARGETED_DEVICE_FAMILY = "1,2";
			};
			name = Debug;
		};
		2F19A8C129C8222500CFC0EA /* Release */ = {
			isa = XCBuildConfiguration;
			buildSettings = {
				ASSETCATALOG_COMPILER_APPICON_NAME = AppIcon;
				ASSETCATALOG_COMPILER_GLOBAL_ACCENT_COLOR_NAME = AccentColor;
				CODE_SIGN_STYLE = Automatic;
				CURRENT_PROJECT_VERSION = 1;
				DEVELOPMENT_ASSET_PATHS = "\"gamingsimpleclean/Preview Content\"";
				DEVELOPMENT_TEAM = 76PUZQ34QB;
				ENABLE_PREVIEWS = YES;
				GENERATE_INFOPLIST_FILE = YES;
				INFOPLIST_KEY_UIApplicationSceneManifest_Generation = YES;
				INFOPLIST_KEY_UIApplicationSupportsIndirectInputEvents = YES;
				INFOPLIST_KEY_UILaunchScreen_Generation = YES;
				INFOPLIST_KEY_UISupportedInterfaceOrientations_iPad = "UIInterfaceOrientationPortrait UIInterfaceOrientationPortraitUpsideDown UIInterfaceOrientationLandscapeLeft UIInterfaceOrientationLandscapeRight";
				INFOPLIST_KEY_UISupportedInterfaceOrientations_iPhone = "UIInterfaceOrientationPortrait UIInterfaceOrientationLandscapeLeft UIInterfaceOrientationLandscapeRight";
				LD_RUNPATH_SEARCH_PATHS = (
					"$(inherited)",
					"@executable_path/Frameworks",
				);
				MARKETING_VERSION = 1.0;
				PRODUCT_BUNDLE_IDENTIFIER = com.bi.learnquran.gamingsimpleclean;
				PRODUCT_NAME = "$(TARGET_NAME)";
				SWIFT_EMIT_LOC_STRINGS = YES;
				SWIFT_VERSION = 5.0;
				TARGETED_DEVICE_FAMILY = "1,2";
			};
			name = Release;
		};
		2F19A8C329C8222500CFC0EA /* Debug */ = {
			isa = XCBuildConfiguration;
			buildSettings = {
				ALWAYS_EMBED_SWIFT_STANDARD_LIBRARIES = YES;
				BUNDLE_LOADER = "$(TEST_HOST)";
				CODE_SIGN_STYLE = Automatic;
				CURRENT_PROJECT_VERSION = 1;
				DEVELOPMENT_TEAM = 76PUZQ34QB;
				GENERATE_INFOPLIST_FILE = YES;
				IPHONEOS_DEPLOYMENT_TARGET = 16.1;
				MARKETING_VERSION = 1.0;
				PRODUCT_BUNDLE_IDENTIFIER = com.bi.learnquran.gamingsimplecleanTests;
				PRODUCT_NAME = "$(TARGET_NAME)";
				SWIFT_EMIT_LOC_STRINGS = NO;
				SWIFT_VERSION = 5.0;
				TARGETED_DEVICE_FAMILY = "1,2";
				TEST_HOST = "$(BUILT_PRODUCTS_DIR)/gamingsimpleclean.app/$(BUNDLE_EXECUTABLE_FOLDER_PATH)/gamingsimpleclean";
			};
			name = Debug;
		};
		2F19A8C429C8222500CFC0EA /* Release */ = {
			isa = XCBuildConfiguration;
			buildSettings = {
				ALWAYS_EMBED_SWIFT_STANDARD_LIBRARIES = YES;
				BUNDLE_LOADER = "$(TEST_HOST)";
				CODE_SIGN_STYLE = Automatic;
				CURRENT_PROJECT_VERSION = 1;
				DEVELOPMENT_TEAM = 76PUZQ34QB;
				GENERATE_INFOPLIST_FILE = YES;
				IPHONEOS_DEPLOYMENT_TARGET = 16.1;
				MARKETING_VERSION = 1.0;
				PRODUCT_BUNDLE_IDENTIFIER = com.bi.learnquran.gamingsimplecleanTests;
				PRODUCT_NAME = "$(TARGET_NAME)";
				SWIFT_EMIT_LOC_STRINGS = NO;
				SWIFT_VERSION = 5.0;
				TARGETED_DEVICE_FAMILY = "1,2";
				TEST_HOST = "$(BUILT_PRODUCTS_DIR)/gamingsimpleclean.app/$(BUNDLE_EXECUTABLE_FOLDER_PATH)/gamingsimpleclean";
			};
			name = Release;
		};
		2F19A8C629C8222500CFC0EA /* Debug */ = {
			isa = XCBuildConfiguration;
			buildSettings = {
				ALWAYS_EMBED_SWIFT_STANDARD_LIBRARIES = YES;
				CODE_SIGN_STYLE = Automatic;
				CURRENT_PROJECT_VERSION = 1;
				DEVELOPMENT_TEAM = 76PUZQ34QB;
				GENERATE_INFOPLIST_FILE = YES;
				MARKETING_VERSION = 1.0;
				PRODUCT_BUNDLE_IDENTIFIER = com.bi.learnquran.gamingsimplecleanUITests;
				PRODUCT_NAME = "$(TARGET_NAME)";
				SWIFT_EMIT_LOC_STRINGS = NO;
				SWIFT_VERSION = 5.0;
				TARGETED_DEVICE_FAMILY = "1,2";
				TEST_TARGET_NAME = gamingsimpleclean;
			};
			name = Debug;
		};
		2F19A8C729C8222500CFC0EA /* Release */ = {
			isa = XCBuildConfiguration;
			buildSettings = {
				ALWAYS_EMBED_SWIFT_STANDARD_LIBRARIES = YES;
				CODE_SIGN_STYLE = Automatic;
				CURRENT_PROJECT_VERSION = 1;
				DEVELOPMENT_TEAM = 76PUZQ34QB;
				GENERATE_INFOPLIST_FILE = YES;
				MARKETING_VERSION = 1.0;
				PRODUCT_BUNDLE_IDENTIFIER = com.bi.learnquran.gamingsimplecleanUITests;
				PRODUCT_NAME = "$(TARGET_NAME)";
				SWIFT_EMIT_LOC_STRINGS = NO;
				SWIFT_VERSION = 5.0;
				TARGETED_DEVICE_FAMILY = "1,2";
				TEST_TARGET_NAME = gamingsimpleclean;
			};
			name = Release;
		};
/* End XCBuildConfiguration section */

/* Begin XCConfigurationList section */
		2F19A89629C8222300CFC0EA /* Build configuration list for PBXProject "gamingsimpleclean" */ = {
			isa = XCConfigurationList;
			buildConfigurations = (
				2F19A8BD29C8222500CFC0EA /* Debug */,
				2F19A8BE29C8222500CFC0EA /* Release */,
			);
			defaultConfigurationIsVisible = 0;
			defaultConfigurationName = Release;
		};
		2F19A8BF29C8222500CFC0EA /* Build configuration list for PBXNativeTarget "gamingsimpleclean" */ = {
			isa = XCConfigurationList;
			buildConfigurations = (
				2F19A8C029C8222500CFC0EA /* Debug */,
				2F19A8C129C8222500CFC0EA /* Release */,
			);
			defaultConfigurationIsVisible = 0;
			defaultConfigurationName = Release;
		};
		2F19A8C229C8222500CFC0EA /* Build configuration list for PBXNativeTarget "gamingsimplecleanTests" */ = {
			isa = XCConfigurationList;
			buildConfigurations = (
				2F19A8C329C8222500CFC0EA /* Debug */,
				2F19A8C429C8222500CFC0EA /* Release */,
			);
			defaultConfigurationIsVisible = 0;
			defaultConfigurationName = Release;
		};
		2F19A8C529C8222500CFC0EA /* Build configuration list for PBXNativeTarget "gamingsimplecleanUITests" */ = {
			isa = XCConfigurationList;
			buildConfigurations = (
				2F19A8C629C8222500CFC0EA /* Debug */,
				2F19A8C729C8222500CFC0EA /* Release */,
			);
			defaultConfigurationIsVisible = 0;
			defaultConfigurationName = Release;
		};
/* End XCConfigurationList section */

/* Begin XCRemoteSwiftPackageReference section */
		2F19A90529C8254600CFC0EA /* XCRemoteSwiftPackageReference "Alamofire" */ = {
			isa = XCRemoteSwiftPackageReference;
			repositoryURL = "https://github.com/Alamofire/Alamofire.git";
			requirement = {
				kind = exactVersion;
				version = 5.6.4;
			};
		};
		2F19A90829C8259A00CFC0EA /* XCRemoteSwiftPackageReference "realm-swift" */ = {
			isa = XCRemoteSwiftPackageReference;
			repositoryURL = "https://github.com/realm/realm-swift.git";
			requirement = {
				kind = exactVersion;
				version = 10.37.0;
			};
		};
		2F19A90D29C825A900CFC0EA /* XCRemoteSwiftPackageReference "swiftui-cached-async-image" */ = {
			isa = XCRemoteSwiftPackageReference;
			repositoryURL = "https://github.com/lorenzofiamingo/swiftui-cached-async-image.git";
			requirement = {
				kind = upToNextMajorVersion;
				minimumVersion = 2.0.0;
			};
		};
		2F76BE5129D018A5008CF4D6 /* XCRemoteSwiftPackageReference "Mocker" */ = {
			isa = XCRemoteSwiftPackageReference;
			repositoryURL = "https://github.com/WeTransfer/Mocker.git";
			requirement = {
				kind = exactVersion;
				version = 3.0.1;
			};
		};
/* End XCRemoteSwiftPackageReference section */

/* Begin XCSwiftPackageProductDependency section */
		2F1361ED29CD968600C34B79 /* RGFavorite */ = {
			isa = XCSwiftPackageProductDependency;
			productName = RGFavorite;
		};
		2F1361F129CD99D000C34B79 /* RGHome */ = {
			isa = XCSwiftPackageProductDependency;
			productName = RGHome;
		};
		2F19A90629C8254600CFC0EA /* Alamofire */ = {
			isa = XCSwiftPackageProductDependency;
			package = 2F19A90529C8254600CFC0EA /* XCRemoteSwiftPackageReference "Alamofire" */;
			productName = Alamofire;
		};
		2F19A90929C8259A00CFC0EA /* Realm */ = {
			isa = XCSwiftPackageProductDependency;
			package = 2F19A90829C8259A00CFC0EA /* XCRemoteSwiftPackageReference "realm-swift" */;
			productName = Realm;
		};
		2F19A90B29C8259A00CFC0EA /* RealmSwift */ = {
			isa = XCSwiftPackageProductDependency;
			package = 2F19A90829C8259A00CFC0EA /* XCRemoteSwiftPackageReference "realm-swift" */;
			productName = RealmSwift;
		};
		2F19A90E29C825A900CFC0EA /* CachedAsyncImage */ = {
			isa = XCSwiftPackageProductDependency;
			package = 2F19A90D29C825A900CFC0EA /* XCRemoteSwiftPackageReference "swiftui-cached-async-image" */;
			productName = CachedAsyncImage;
		};
		2F50A0BD29CD81DB00E67F95 /* RGCore */ = {
			isa = XCSwiftPackageProductDependency;
			productName = RGCore;
		};
		2F76BE4929D0163A008CF4D6 /* RGCore */ = {
			isa = XCSwiftPackageProductDependency;
			productName = RGCore;
		};
		2F76BE5429D018D7008CF4D6 /* Mocker */ = {
			isa = XCSwiftPackageProductDependency;
			package = 2F76BE5129D018A5008CF4D6 /* XCRemoteSwiftPackageReference "Mocker" */;
			productName = Mocker;
		};
		2FC28DD129CD8C9000A67E2E /* RGAbout */ = {
			isa = XCSwiftPackageProductDependency;
			productName = RGAbout;
		};
		2FC28DD429CD941C00A67E2E /* RGDetail */ = {
			isa = XCSwiftPackageProductDependency;
			productName = RGDetail;
		};
/* End XCSwiftPackageProductDependency section */
	};
	rootObject = 2F19A89329C8222300CFC0EA /* Project object */;
}
